
Microsoft Visual Studio Solution File, Format Version 12.00
# Visual Studio Version 16
VisualStudioVersion = 16.0.30011.22
MinimumVisualStudioVersion = 10.0.40219.1
Project("{8BC9CEB8-8B4A-11D0-8D11-00A0C91BC942}") = "squaresolver", "squaresolver.vcxproj", "{28E4BF74-11E2-4F1F-ADFF-72E7AEAFF6B5}"
EndProject
Global
	GlobalSection(SolutionConfigurationPlatforms) = preSolution
		Debug|x64 = Debug|x64
		Debug|x86 = Debug|x86
		Release|x64 = Release|x64
		Release|x86 = Release|x86
	EndGlobalSection
	GlobalSection(ProjectConfigurationPlatforms) = postSolution
		{28E4BF74-11E2-4F1F-ADFF-72E7AEAFF6B5}.Debug|x64.ActiveCfg = Debug|x64
		{28E4BF74-11E2-4F1F-ADFF-72E7AEAFF6B5}.Debug|x64.Build.0 = Debug|x64
		{28E4BF74-11E2-4F1F-ADFF-72E7AEAFF6B5}.Debug|x86.ActiveCfg = Debug|Win32
		{28E4BF74-11E2-4F1F-ADFF-72E7AEAFF6B5}.Debug|x86.Build.0 = Debug|Win32
		{28E4BF74-11E2-4F1F-ADFF-72E7AEAFF6B5}.Release|x64.ActiveCfg = Release|x64
		{28E4BF74-11E2-4F1F-ADFF-72E7AEAFF6B5}.Release|x64.Build.0 = Release|x64
		{28E4BF74-11E2-4F1F-ADFF-72E7AEAFF6B5}.Release|x86.ActiveCfg = Release|Win32
		{28E4BF74-11E2-4F1F-ADFF-72E7AEAFF6B5}.Release|x86.Build.0 = Release|Win32
	EndGlobalSection
	GlobalSection(SolutionProperties) = preSolution
		HideSolutionNode = FALSE
	EndGlobalSection
	GlobalSection(ExtensibilityGlobals) = postSolution
		SolutionGuid = {2395D22B-B54B-4059-85CA-F6CA0B77EF9C}
	EndGlobalSection
EndGlobal
